
Microsoft Visual Studio Solution File, Format Version 12.00
# Visual Studio Version 17
VisualStudioVersion = 17.8.34511.84
MinimumVisualStudioVersion = 10.0.40219.1
Project("{9A19103F-16F7-4668-BE54-9A1E7A4F7556}") = "StorogeOfCards", "StorogeOfCards\StorogeOfCards.csproj", "{36A6261D-ED13-47C4-9F07-4E7928D58F4A}"
EndProject
Global
	GlobalSection(SolutionConfigurationPlatforms) = preSolution
		Debug|Any CPU = Debug|Any CPU
		Release|Any CPU = Release|Any CPU
	EndGlobalSection
	GlobalSection(ProjectConfigurationPlatforms) = postSolution
		{36A6261D-ED13-47C4-9F07-4E7928D58F4A}.Debug|Any CPU.ActiveCfg = Debug|Any CPU
		{36A6261D-ED13-47C4-9F07-4E7928D58F4A}.Debug|Any CPU.Build.0 = Debug|Any CPU
		{36A6261D-ED13-47C4-9F07-4E7928D58F4A}.Release|Any CPU.ActiveCfg = Release|Any CPU
		{36A6261D-ED13-47C4-9F07-4E7928D58F4A}.Release|Any CPU.Build.0 = Release|Any CPU
	EndGlobalSection
	GlobalSection(SolutionProperties) = preSolution
		HideSolutionNode = FALSE
	EndGlobalSection
	GlobalSection(ExtensibilityGlobals) = postSolution
		SolutionGuid = {386D54CF-467A-40BA-9633-F273AF459194}
	EndGlobalSection
EndGlobal
